// !$*UTF8*$!
{
	archiveVersion = 1;
	classes = {
	};
	objectVersion = 51;
	objects = {

/* Begin PBXBuildFile section */
		03BD4A6324E620F100D375F1 /* AppDelegate.swift in Sources */ = {isa = PBXBuildFile; fileRef = 03BD4A6224E620F100D375F1 /* AppDelegate.swift */; };
		03BD4A6524E620F100D375F1 /* SceneDelegate.swift in Sources */ = {isa = PBXBuildFile; fileRef = 03BD4A6424E620F100D375F1 /* SceneDelegate.swift */; };
		03BD4A6724E620F100D375F1 /* ViewController.swift in Sources */ = {isa = PBXBuildFile; fileRef = 03BD4A6624E620F100D375F1 /* ViewController.swift */; };
		03BD4A6A24E620F100D375F1 /* Main.storyboard in Resources */ = {isa = PBXBuildFile; fileRef = 03BD4A6824E620F100D375F1 /* Main.storyboard */; };
		03BD4A6C24E6210800D375F1 /* Assets.xcassets in Resources */ = {isa = PBXBuildFile; fileRef = 03BD4A6B24E6210800D375F1 /* Assets.xcassets */; };
		03BD4A6F24E6210800D375F1 /* LaunchScreen.storyboard in Resources */ = {isa = PBXBuildFile; fileRef = 03BD4A6D24E6210800D375F1 /* LaunchScreen.storyboard */; };
		03BD4A8824E627EC00D375F1 /* Const.swift in Sources */ = {isa = PBXBuildFile; fileRef = 03BD4A8724E627EC00D375F1 /* Const.swift */; };
		03BD4A8C24E6755400D375F1 /* HttpManager.swift in Sources */ = {isa = PBXBuildFile; fileRef = 03BD4A8B24E6755400D375F1 /* HttpManager.swift */; };
		03BD4A8E24E683DA00D375F1 /* ZXSTabBarController.swift in Sources */ = {isa = PBXBuildFile; fileRef = 03BD4A8D24E683DA00D375F1 /* ZXSTabBarController.swift */; };
		87C19482136E716AC8AB688F /* Pods_ZXSSwiftAPP.framework in Frameworks */ = {isa = PBXBuildFile; fileRef = C85A2CD29AF7804D0AEF88FF /* Pods_ZXSSwiftAPP.framework */; };
/* End PBXBuildFile section */

/* Begin PBXFileReference section */
		03BD4A5F24E620F000D375F1 /* ZXSSwiftAPP.app */ = {isa = PBXFileReference; explicitFileType = wrapper.application; includeInIndex = 0; path = ZXSSwiftAPP.app; sourceTree = BUILT_PRODUCTS_DIR; };
		03BD4A6224E620F100D375F1 /* AppDelegate.swift */ = {isa = PBXFileReference; lastKnownFileType = sourcecode.swift; path = AppDelegate.swift; sourceTree = "<group>"; };
		03BD4A6424E620F100D375F1 /* SceneDelegate.swift */ = {isa = PBXFileReference; lastKnownFileType = sourcecode.swift; path = SceneDelegate.swift; sourceTree = "<group>"; };
		03BD4A6624E620F100D375F1 /* ViewController.swift */ = {isa = PBXFileReference; lastKnownFileType = sourcecode.swift; path = ViewController.swift; sourceTree = "<group>"; };
		03BD4A6924E620F100D375F1 /* Base */ = {isa = PBXFileReference; lastKnownFileType = file.storyboard; name = Base; path = Base.lproj/Main.storyboard; sourceTree = "<group>"; };
		03BD4A6B24E6210800D375F1 /* Assets.xcassets */ = {isa = PBXFileReference; lastKnownFileType = folder.assetcatalog; path = Assets.xcassets; sourceTree = "<group>"; };
		03BD4A6E24E6210800D375F1 /* Base */ = {isa = PBXFileReference; lastKnownFileType = file.storyboard; name = Base; path = Base.lproj/LaunchScreen.storyboard; sourceTree = "<group>"; };
		03BD4A7024E6210800D375F1 /* Info.plist */ = {isa = PBXFileReference; lastKnownFileType = text.plist.xml; path = Info.plist; sourceTree = "<group>"; };
		03BD4A8724E627EC00D375F1 /* Const.swift */ = {isa = PBXFileReference; lastKnownFileType = sourcecode.swift; path = Const.swift; sourceTree = "<group>"; };
		03BD4A8B24E6755400D375F1 /* HttpManager.swift */ = {isa = PBXFileReference; fileEncoding = 4; lastKnownFileType = sourcecode.swift; path = HttpManager.swift; sourceTree = "<group>"; };
		03BD4A8D24E683DA00D375F1 /* ZXSTabBarController.swift */ = {isa = PBXFileReference; lastKnownFileType = sourcecode.swift; path = ZXSTabBarController.swift; sourceTree = "<group>"; };
		4DEBAC20AD13EB4F56E4335A /* Pods-ZXSSwiftAPP.release.xcconfig */ = {isa = PBXFileReference; includeInIndex = 1; lastKnownFileType = text.xcconfig; name = "Pods-ZXSSwiftAPP.release.xcconfig"; path = "Target Support Files/Pods-ZXSSwiftAPP/Pods-ZXSSwiftAPP.release.xcconfig"; sourceTree = "<group>"; };
		C85A2CD29AF7804D0AEF88FF /* Pods_ZXSSwiftAPP.framework */ = {isa = PBXFileReference; explicitFileType = wrapper.framework; includeInIndex = 0; path = Pods_ZXSSwiftAPP.framework; sourceTree = BUILT_PRODUCTS_DIR; };
		F6A0B88261543BC4D89C7232 /* Pods-ZXSSwiftAPP.debug.xcconfig */ = {isa = PBXFileReference; includeInIndex = 1; lastKnownFileType = text.xcconfig; name = "Pods-ZXSSwiftAPP.debug.xcconfig"; path = "Target Support Files/Pods-ZXSSwiftAPP/Pods-ZXSSwiftAPP.debug.xcconfig"; sourceTree = "<group>"; };
/* End PBXFileReference section */

/* Begin PBXFrameworksBuildPhase section */
		03BD4A5C24E620F000D375F1 /* Frameworks */ = {
			isa = PBXFrameworksBuildPhase;
			buildActionMask = 2147483647;
			files = (
				87C19482136E716AC8AB688F /* Pods_ZXSSwiftAPP.framework in Frameworks */,
			);
			runOnlyForDeploymentPostprocessing = 0;
		};
/* End PBXFrameworksBuildPhase section */

/* Begin PBXGroup section */
		03BD4A5624E620F000D375F1 = {
			isa = PBXGroup;
			children = (
				03BD4A6124E620F000D375F1 /* ZXSSwiftAPP */,
				03BD4A6024E620F000D375F1 /* Products */,
				65C1D38B51AE4F83FCEF66B5 /* Pods */,
				CF82E4514A482697E4C613B9 /* Frameworks */,
			);
			sourceTree = "<group>";
		};
		03BD4A6024E620F000D375F1 /* Products */ = {
			isa = PBXGroup;
			children = (
				03BD4A5F24E620F000D375F1 /* ZXSSwiftAPP.app */,
			);
			name = Products;
			sourceTree = "<group>";
		};
		03BD4A6124E620F000D375F1 /* ZXSSwiftAPP */ = {
			isa = PBXGroup;
			children = (
				03BD4A7624E627C200D375F1 /* Main */,
				03BD4A6224E620F100D375F1 /* AppDelegate.swift */,
				03BD4A6424E620F100D375F1 /* SceneDelegate.swift */,
				03BD4A6624E620F100D375F1 /* ViewController.swift */,
				03BD4A6824E620F100D375F1 /* Main.storyboard */,
				03BD4A6B24E6210800D375F1 /* Assets.xcassets */,
				03BD4A6D24E6210800D375F1 /* LaunchScreen.storyboard */,
				03BD4A7024E6210800D375F1 /* Info.plist */,
			);
			path = ZXSSwiftAPP;
			sourceTree = "<group>";
		};
		03BD4A7624E627C200D375F1 /* Main */ = {
			isa = PBXGroup;
			children = (
				03BD4A7724E627C200D375F1 /* Configuration */,
				03BD4A7824E627C200D375F1 /* Category */,
				03BD4A7924E627C200D375F1 /* Util */,
				03BD4A7A24E627C200D375F1 /* Other */,
				03BD4A7B24E627C200D375F1 /* Library */,
				03BD4A7C24E627C200D375F1 /* Controller */,
				03BD4A7D24E627C200D375F1 /* Model */,
				03BD4A8024E627C200D375F1 /* View */,
				03BD4A8124E627C200D375F1 /* Resource */,
			);
			path = Main;
			sourceTree = "<group>";
		};
		03BD4A7724E627C200D375F1 /* Configuration */ = {
			isa = PBXGroup;
			children = (
				03BD4A8724E627EC00D375F1 /* Const.swift */,
			);
			path = Configuration;
			sourceTree = "<group>";
		};
		03BD4A7824E627C200D375F1 /* Category */ = {
			isa = PBXGroup;
			children = (
			);
			path = Category;
			sourceTree = "<group>";
		};
		03BD4A7924E627C200D375F1 /* Util */ = {
			isa = PBXGroup;
			children = (
				03BD4A8B24E6755400D375F1 /* HttpManager.swift */,
			);
			path = Util;
			sourceTree = "<group>";
		};
		03BD4A7A24E627C200D375F1 /* Other */ = {
			isa = PBXGroup;
			children = (
			);
			path = Other;
			sourceTree = "<group>";
		};
		03BD4A7B24E627C200D375F1 /* Library */ = {
			isa = PBXGroup;
			children = (
			);
			path = Library;
			sourceTree = "<group>";
		};
		03BD4A7C24E627C200D375F1 /* Controller */ = {
			isa = PBXGroup;
			children = (
				03BD4A8D24E683DA00D375F1 /* ZXSTabBarController.swift */,
			);
			path = Controller;
			sourceTree = "<group>";
		};
		03BD4A7D24E627C200D375F1 /* Model */ = {
			isa = PBXGroup;
			children = (
				03BD4A7E24E627C200D375F1 /* ViewModel */,
				03BD4A7F24E627C200D375F1 /* DataModel */,
			);
			path = Model;
			sourceTree = "<group>";
		};
		03BD4A7E24E627C200D375F1 /* ViewModel */ = {
			isa = PBXGroup;
			children = (
			);
			path = ViewModel;
			sourceTree = "<group>";
		};
		03BD4A7F24E627C200D375F1 /* DataModel */ = {
			isa = PBXGroup;
			children = (
			);
			path = DataModel;
			sourceTree = "<group>";
		};
		03BD4A8024E627C200D375F1 /* View */ = {
			isa = PBXGroup;
			children = (
			);
			path = View;
			sourceTree = "<group>";
		};
		03BD4A8124E627C200D375F1 /* Resource */ = {
			isa = PBXGroup;
			children = (
				03BD4A8224E627C200D375F1 /* Plist */,
				03BD4A8324E627C200D375F1 /* Video */,
				03BD4A8424E627C200D375F1 /* File */,
				03BD4A8524E627C200D375F1 /* Image */,
				03BD4A8624E627C200D375F1 /* Voice */,
			);
			path = Resource;
			sourceTree = "<group>";
		};
		03BD4A8224E627C200D375F1 /* Plist */ = {
			isa = PBXGroup;
			children = (
			);
			path = Plist;
			sourceTree = "<group>";
		};
		03BD4A8324E627C200D375F1 /* Video */ = {
			isa = PBXGroup;
			children = (
			);
			path = Video;
			sourceTree = "<group>";
		};
		03BD4A8424E627C200D375F1 /* File */ = {
			isa = PBXGroup;
			children = (
			);
			path = File;
			sourceTree = "<group>";
		};
		03BD4A8524E627C200D375F1 /* Image */ = {
			isa = PBXGroup;
			children = (
			);
			path = Image;
			sourceTree = "<group>";
		};
		03BD4A8624E627C200D375F1 /* Voice */ = {
			isa = PBXGroup;
			children = (
			);
			path = Voice;
			sourceTree = "<group>";
		};
		65C1D38B51AE4F83FCEF66B5 /* Pods */ = {
			isa = PBXGroup;
			children = (
				F6A0B88261543BC4D89C7232 /* Pods-ZXSSwiftAPP.debug.xcconfig */,
				4DEBAC20AD13EB4F56E4335A /* Pods-ZXSSwiftAPP.release.xcconfig */,
			);
			path = Pods;
			sourceTree = "<group>";
		};
		CF82E4514A482697E4C613B9 /* Frameworks */ = {
			isa = PBXGroup;
			children = (
				C85A2CD29AF7804D0AEF88FF /* Pods_ZXSSwiftAPP.framework */,
			);
			name = Frameworks;
			sourceTree = "<group>";
		};
/* End PBXGroup section */

/* Begin PBXNativeTarget section */
		03BD4A5E24E620F000D375F1 /* ZXSSwiftAPP */ = {
			isa = PBXNativeTarget;
			buildConfigurationList = 03BD4A7324E6210800D375F1 /* Build configuration list for PBXNativeTarget "ZXSSwiftAPP" */;
			buildPhases = (
				88742CAB7B94F2EFD119A4F5 /* [CP] Check Pods Manifest.lock */,
				03BD4A5B24E620F000D375F1 /* Sources */,
				03BD4A5C24E620F000D375F1 /* Frameworks */,
				03BD4A5D24E620F000D375F1 /* Resources */,
				01C13F25F902F32E94AB2E30 /* [CP] Embed Pods Frameworks */,
			);
			buildRules = (
			);
			dependencies = (
			);
			name = ZXSSwiftAPP;
			productName = ZXSSwiftAPP;
			productReference = 03BD4A5F24E620F000D375F1 /* ZXSSwiftAPP.app */;
			productType = "com.apple.product-type.application";
		};
/* End PBXNativeTarget section */

/* Begin PBXProject section */
		03BD4A5724E620F000D375F1 /* Project object */ = {
			isa = PBXProject;
			attributes = {
				LastSwiftUpdateCheck = 1160;
				LastUpgradeCheck = 1160;
				ORGANIZATIONNAME = enesoon;
				TargetAttributes = {
					03BD4A5E24E620F000D375F1 = {
						CreatedOnToolsVersion = 11.6;
					};
				};
			};
			buildConfigurationList = 03BD4A5A24E620F000D375F1 /* Build configuration list for PBXProject "ZXSSwiftAPP" */;
			compatibilityVersion = "Xcode 9.3";
			developmentRegion = en;
			hasScannedForEncodings = 0;
			knownRegions = (
				en,
				Base,
			);
			mainGroup = 03BD4A5624E620F000D375F1;
			productRefGroup = 03BD4A6024E620F000D375F1 /* Products */;
			projectDirPath = "";
			projectRoot = "";
			targets = (
				03BD4A5E24E620F000D375F1 /* ZXSSwiftAPP */,
			);
		};
/* End PBXProject section */

/* Begin PBXResourcesBuildPhase section */
		03BD4A5D24E620F000D375F1 /* Resources */ = {
			isa = PBXResourcesBuildPhase;
			buildActionMask = 2147483647;
			files = (
				03BD4A6F24E6210800D375F1 /* LaunchScreen.storyboard in Resources */,
				03BD4A6C24E6210800D375F1 /* Assets.xcassets in Resources */,
				03BD4A6A24E620F100D375F1 /* Main.storyboard in Resources */,
			);
			runOnlyForDeploymentPostprocessing = 0;
		};
/* End PBXResourcesBuildPhase section */

/* Begin PBXShellScriptBuildPhase section */
		01C13F25F902F32E94AB2E30 /* [CP] Embed Pods Frameworks */ = {
			isa = PBXShellScriptBuildPhase;
			buildActionMask = 2147483647;
			files = (
			);
			inputFileListPaths = (
				"${PODS_ROOT}/Target Support Files/Pods-ZXSSwiftAPP/Pods-ZXSSwiftAPP-frameworks-${CONFIGURATION}-input-files.xcfilelist",
			);
			name = "[CP] Embed Pods Frameworks";
			outputFileListPaths = (
				"${PODS_ROOT}/Target Support Files/Pods-ZXSSwiftAPP/Pods-ZXSSwiftAPP-frameworks-${CONFIGURATION}-output-files.xcfilelist",
			);
			runOnlyForDeploymentPostprocessing = 0;
			shellPath = /bin/sh;
			shellScript = "\"${PODS_ROOT}/Target Support Files/Pods-ZXSSwiftAPP/Pods-ZXSSwiftAPP-frameworks.sh\"\n";
			showEnvVarsInLog = 0;
		};
		88742CAB7B94F2EFD119A4F5 /* [CP] Check Pods Manifest.lock */ = {
			isa = PBXShellScriptBuildPhase;
			buildActionMask = 2147483647;
			files = (
			);
			inputFileListPaths = (
			);
			inputPaths = (
				"${PODS_PODFILE_DIR_PATH}/Podfile.lock",
				"${PODS_ROOT}/Manifest.lock",
			);
			name = "[CP] Check Pods Manifest.lock";
			outputFileListPaths = (
			);
			outputPaths = (
				"$(DERIVED_FILE_DIR)/Pods-ZXSSwiftAPP-checkManifestLockResult.txt",
			);
			runOnlyForDeploymentPostprocessing = 0;
			shellPath = /bin/sh;
			shellScript = "diff \"${PODS_PODFILE_DIR_PATH}/Podfile.lock\" \"${PODS_ROOT}/Manifest.lock\" > /dev/null\nif [ $? != 0 ] ; then\n    # print error to STDERR\n    echo \"error: The sandbox is not in sync with the Podfile.lock. Run 'pod install' or update your CocoaPods installation.\" >&2\n    exit 1\nfi\n# This output is used by Xcode 'outputs' to avoid re-running this script phase.\necho \"SUCCESS\" > \"${SCRIPT_OUTPUT_FILE_0}\"\n";
			showEnvVarsInLog = 0;
		};
/* End PBXShellScriptBuildPhase section */

/* Begin PBXSourcesBuildPhase section */
		03BD4A5B24E620F000D375F1 /* Sources */ = {
			isa = PBXSourcesBuildPhase;
			buildActionMask = 2147483647;
			files = (
				03BD4A6724E620F100D375F1 /* ViewController.swift in Sources */,
				03BD4A8C24E6755400D375F1 /* HttpManager.swift in Sources */,
				03BD4A8824E627EC00D375F1 /* Const.swift in Sources */,
				03BD4A8E24E683DA00D375F1 /* ZXSTabBarController.swift in Sources */,
				03BD4A6324E620F100D375F1 /* AppDelegate.swift in Sources */,
				03BD4A6524E620F100D375F1 /* SceneDelegate.swift in Sources */,
			);
			runOnlyForDeploymentPostprocessing = 0;
		};
/* End PBXSourcesBuildPhase section */

/* Begin PBXVariantGroup section */
		03BD4A6824E620F100D375F1 /* Main.storyboard */ = {
			isa = PBXVariantGroup;
			children = (
				03BD4A6924E620F100D375F1 /* Base */,
			);
			name = Main.storyboard;
			sourceTree = "<group>";
		};
		03BD4A6D24E6210800D375F1 /* LaunchScreen.storyboard */ = {
			isa = PBXVariantGroup;
			children = (
				03BD4A6E24E6210800D375F1 /* Base */,
			);
			name = LaunchScreen.storyboard;
			sourceTree = "<group>";
		};
/* End PBXVariantGroup section */

/* Begin XCBuildConfiguration section */
		03BD4A7124E6210800D375F1 /* Debug */ = {
			isa = XCBuildConfiguration;
			buildSettings = {
				ALWAYS_SEARCH_USER_PATHS = NO;
				CLANG_ANALYZER_NONNULL = YES;
				CLANG_ANALYZER_NUMBER_OBJECT_CONVERSION = YES_AGGRESSIVE;
				CLANG_CXX_LANGUAGE_STANDARD = "gnu++14";
				CLANG_CXX_LIBRARY = "libc++";
				CLANG_ENABLE_MODULES = YES;
				CLANG_ENABLE_OBJC_ARC = YES;
				CLANG_ENABLE_OBJC_WEAK = YES;
				CLANG_WARN_BLOCK_CAPTURE_AUTORELEASING = YES;
				CLANG_WARN_BOOL_CONVERSION = YES;
				CLANG_WARN_COMMA = YES;
				CLANG_WARN_CONSTANT_CONVERSION = YES;
				CLANG_WARN_DEPRECATED_OBJC_IMPLEMENTATIONS = YES;
				CLANG_WARN_DIRECT_OBJC_ISA_USAGE = YES_ERROR;
				CLANG_WARN_DOCUMENTATION_COMMENTS = YES;
				CLANG_WARN_EMPTY_BODY = YES;
				CLANG_WARN_ENUM_CONVERSION = YES;
				CLANG_WARN_INFINITE_RECURSION = YES;
				CLANG_WARN_INT_CONVERSION = YES;
				CLANG_WARN_NON_LITERAL_NULL_CONVERSION = YES;
				CLANG_WARN_OBJC_IMPLICIT_RETAIN_SELF = YES;
				CLANG_WARN_OBJC_LITERAL_CONVERSION = YES;
				CLANG_WARN_OBJC_ROOT_CLASS = YES_ERROR;
				CLANG_WARN_RANGE_LOOP_ANALYSIS = YES;
				CLANG_WARN_STRICT_PROTOTYPES = YES;
				CLANG_WARN_SUSPICIOUS_MOVE = YES;
				CLANG_WARN_UNGUARDED_AVAILABILITY = YES_AGGRESSIVE;
				CLANG_WARN_UNREACHABLE_CODE = YES;
				CLANG_WARN__DUPLICATE_METHOD_MATCH = YES;
				COPY_PHASE_STRIP = NO;
				DEBUG_INFORMATION_FORMAT = dwarf;
				ENABLE_STRICT_OBJC_MSGSEND = YES;
				ENABLE_TESTABILITY = YES;
				GCC_C_LANGUAGE_STANDARD = gnu11;
				GCC_DYNAMIC_NO_PIC = NO;
				GCC_NO_COMMON_BLOCKS = YES;
				GCC_OPTIMIZATION_LEVEL = 0;
				GCC_PREPROCESSOR_DEFINITIONS = (
					"DEBUG=1",
					"$(inherited)",
				);
				GCC_WARN_64_TO_32_BIT_CONVERSION = YES;
				GCC_WARN_ABOUT_RETURN_TYPE = YES_ERROR;
				GCC_WARN_UNDECLARED_SELECTOR = YES;
				GCC_WARN_UNINITIALIZED_AUTOS = YES_AGGRESSIVE;
				GCC_WARN_UNUSED_FUNCTION = YES;
				GCC_WARN_UNUSED_VARIABLE = YES;
				IPHONEOS_DEPLOYMENT_TARGET = 13.6;
				MTL_ENABLE_DEBUG_INFO = INCLUDE_SOURCE;
				MTL_FAST_MATH = YES;
				ONLY_ACTIVE_ARCH = YES;
				SDKROOT = iphoneos;
				SWIFT_ACTIVE_COMPILATION_CONDITIONS = DEBUG;
				SWIFT_OPTIMIZATION_LEVEL = "-Onone";
			};
			name = Debug;
		};
		03BD4A7224E6210800D375F1 /* Release */ = {
			isa = XCBuildConfiguration;
			buildSettings = {
				ALWAYS_SEARCH_USER_PATHS = NO;
				CLANG_ANALYZER_NONNULL = YES;
				CLANG_ANALYZER_NUMBER_OBJECT_CONVERSION = YES_AGGRESSIVE;
				CLANG_CXX_LANGUAGE_STANDARD = "gnu++14";
				CLANG_CXX_LIBRARY = "libc++";
				CLANG_ENABLE_MODULES = YES;
				CLANG_ENABLE_OBJC_ARC = YES;
				CLANG_ENABLE_OBJC_WEAK = YES;
				CLANG_WARN_BLOCK_CAPTURE_AUTORELEASING = YES;
				CLANG_WARN_BOOL_CONVERSION = YES;
				CLANG_WARN_COMMA = YES;
				CLANG_WARN_CONSTANT_CONVERSION = YES;
				CLANG_WARN_DEPRECATED_OBJC_IMPLEMENTATIONS = YES;
				CLANG_WARN_DIRECT_OBJC_ISA_USAGE = YES_ERROR;
				CLANG_WARN_DOCUMENTATION_COMMENTS = YES;
				CLANG_WARN_EMPTY_BODY = YES;
				CLANG_WARN_ENUM_CONVERSION = YES;
				CLANG_WARN_INFINITE_RECURSION = YES;
				CLANG_WARN_INT_CONVERSION = YES;
				CLANG_WARN_NON_LITERAL_NULL_CONVERSION = YES;
				CLANG_WARN_OBJC_IMPLICIT_RETAIN_SELF = YES;
				CLANG_WARN_OBJC_LITERAL_CONVERSION = YES;
				CLANG_WARN_OBJC_ROOT_CLASS = YES_ERROR;
				CLANG_WARN_RANGE_LOOP_ANALYSIS = YES;
				CLANG_WARN_STRICT_PROTOTYPES = YES;
				CLANG_WARN_SUSPICIOUS_MOVE = YES;
				CLANG_WARN_UNGUARDED_AVAILABILITY = YES_AGGRESSIVE;
				CLANG_WARN_UNREACHABLE_CODE = YES;
				CLANG_WARN__DUPLICATE_METHOD_MATCH = YES;
				COPY_PHASE_STRIP = NO;
				DEBUG_INFORMATION_FORMAT = "dwarf-with-dsym";
				ENABLE_NS_ASSERTIONS = NO;
				ENABLE_STRICT_OBJC_MSGSEND = YES;
				GCC_C_LANGUAGE_STANDARD = gnu11;
				GCC_NO_COMMON_BLOCKS = YES;
				GCC_WARN_64_TO_32_BIT_CONVERSION = YES;
				GCC_WARN_ABOUT_RETURN_TYPE = YES_ERROR;
				GCC_WARN_UNDECLARED_SELECTOR = YES;
				GCC_WARN_UNINITIALIZED_AUTOS = YES_AGGRESSIVE;
				GCC_WARN_UNUSED_FUNCTION = YES;
				GCC_WARN_UNUSED_VARIABLE = YES;
				IPHONEOS_DEPLOYMENT_TARGET = 13.6;
				MTL_ENABLE_DEBUG_INFO = NO;
				MTL_FAST_MATH = YES;
				SDKROOT = iphoneos;
				SWIFT_COMPILATION_MODE = wholemodule;
				SWIFT_OPTIMIZATION_LEVEL = "-O";
				VALIDATE_PRODUCT = YES;
			};
			name = Release;
		};
		03BD4A7424E6210800D375F1 /* Debug */ = {
			isa = XCBuildConfiguration;
			baseConfigurationReference = F6A0B88261543BC4D89C7232 /* Pods-ZXSSwiftAPP.debug.xcconfig */;
			buildSettings = {
				ASSETCATALOG_COMPILER_APPICON_NAME = AppIcon;
				CODE_SIGN_STYLE = Automatic;
				DEVELOPMENT_TEAM = FWBJGP479P;
				INFOPLIST_FILE = ZXSSwiftAPP/Info.plist;
				IPHONEOS_DEPLOYMENT_TARGET = 13.0;
				LD_RUNPATH_SEARCH_PATHS = (
					"$(inherited)",
					"@executable_path/Frameworks",
				);
				PRODUCT_BUNDLE_IDENTIFIER = com.enesoon.ZXSSwiftAPP;
				PRODUCT_NAME = "$(TARGET_NAME)";
				SWIFT_VERSION = 5.0;
				TARGETED_DEVICE_FAMILY = "1,2";
			};
			name = Debug;
		};
		03BD4A7524E6210800D375F1 /* Release */ = {
			isa = XCBuildConfiguration;
			baseConfigurationReference = 4DEBAC20AD13EB4F56E4335A /* Pods-ZXSSwiftAPP.release.xcconfig */;
			buildSettings = {
				ASSETCATALOG_COMPILER_APPICON_NAME = AppIcon;
				CODE_SIGN_STYLE = Automatic;
				DEVELOPMENT_TEAM = FWBJGP479P;
				INFOPLIST_FILE = ZXSSwiftAPP/Info.plist;
				IPHONEOS_DEPLOYMENT_TARGET = 13.0;
				LD_RUNPATH_SEARCH_PATHS = (
					"$(inherited)",
					"@executable_path/Frameworks",
				);
				PRODUCT_BUNDLE_IDENTIFIER = com.enesoon.ZXSSwiftAPP;
				PRODUCT_NAME = "$(TARGET_NAME)";
				SWIFT_VERSION = 5.0;
				TARGETED_DEVICE_FAMILY = "1,2";
			};
			name = Release;
		};
/* End XCBuildConfiguration section */

/* Begin XCConfigurationList section */
		03BD4A5A24E620F000D375F1 /* Build configuration list for PBXProject "ZXSSwiftAPP" */ = {
			isa = XCConfigurationList;
			buildConfigurations = (
				03BD4A7124E6210800D375F1 /* Debug */,
				03BD4A7224E6210800D375F1 /* Release */,
			);
			defaultConfigurationIsVisible = 0;
			defaultConfigurationName = Release;
		};
		03BD4A7324E6210800D375F1 /* Build configuration list for PBXNativeTarget "ZXSSwiftAPP" */ = {
			isa = XCConfigurationList;
			buildConfigurations = (
				03BD4A7424E6210800D375F1 /* Debug */,
				03BD4A7524E6210800D375F1 /* Release */,
			);
			defaultConfigurationIsVisible = 0;
			defaultConfigurationName = Release;
		};
/* End XCConfigurationList section */
	};
	rootObject = 03BD4A5724E620F000D375F1 /* Project object */;
}
